// !$*UTF8*$!
{
	archiveVersion = 1;
	classes = {
	};
	objectVersion = 50;
	objects = {

/* Begin PBXBuildFile section */
		CE0C0F3D28B29D1A004D7AA8 /* FlashcardsScreen.swift in Sources */ = {isa = PBXBuildFile; fileRef = CE0C0F3C28B29D1A004D7AA8 /* FlashcardsScreen.swift */; };
		CE0C0F4128B5D930004D7AA8 /* FlashcardVideo.swift in Sources */ = {isa = PBXBuildFile; fileRef = CE0C0F4028B5D930004D7AA8 /* FlashcardVideo.swift */; };
		CE0C0F4228BB1B3D004D7AA8 /* strokefore.mp4 in Resources */ = {isa = PBXBuildFile; fileRef = CE0C0F3A28B29959004D7AA8 /* strokefore.mp4 */; };
		CE0C0F4328BB1D46004D7AA8 /* menuvideo2.mp4 in Resources */ = {isa = PBXBuildFile; fileRef = CE0C0F3728B29909004D7AA8 /* menuvideo2.mp4 */; };
		CE0C0F4428BC5382004D7AA8 /* splashvideo1.mp4 in Resources */ = {isa = PBXBuildFile; fileRef = CE0C0F3928B29932004D7AA8 /* splashvideo1.mp4 */; };
		CE0C0F4528BC5392004D7AA8 /* settingsvideo5.mp4 in Resources */ = {isa = PBXBuildFile; fileRef = CE0C0F3828B29925004D7AA8 /* settingsvideo5.mp4 */; };
		CE0C0F4628BC53B6004D7AA8 /* lbvideo4.mp4 in Resources */ = {isa = PBXBuildFile; fileRef = CE0C0F3628B298F4004D7AA8 /* lbvideo4.mp4 */; };
		CE0C0F4728BC53C5004D7AA8 /* flashcardvideo3.mp4 in Resources */ = {isa = PBXBuildFile; fileRef = CE0C0F3528B298C4004D7AA8 /* flashcardvideo3.mp4 */; };
		CE0C0F4828BC53D1004D7AA8 /* devinfovideo6.mp4 in Resources */ = {isa = PBXBuildFile; fileRef = CE0C0F3428B2987E004D7AA8 /* devinfovideo6.mp4 */; };
		CE0C0F4A28BD85C2004D7AA8 /* TakeTestVideo.swift in Sources */ = {isa = PBXBuildFile; fileRef = CE0C0F4928BD85C2004D7AA8 /* TakeTestVideo.swift */; };
		CE0C0F4C28BD8614004D7AA8 /* DevInfoVideo.swift in Sources */ = {isa = PBXBuildFile; fileRef = CE0C0F4B28BD8614004D7AA8 /* DevInfoVideo.swift */; };
		CE0C0F4E28BD873A004D7AA8 /* TakeTestScreen.swift in Sources */ = {isa = PBXBuildFile; fileRef = CE0C0F4D28BD873A004D7AA8 /* TakeTestScreen.swift */; };
		CE0C0F5028BD8766004D7AA8 /* DevInfoScreen.swift in Sources */ = {isa = PBXBuildFile; fileRef = CE0C0F4F28BD8766004D7AA8 /* DevInfoScreen.swift */; };
		CE0CADDA26B6657B0044D010 /* njrealtorexam_12.json in Resources */ = {isa = PBXBuildFile; fileRef = CE0CADD926B6657B0044D010 /* njrealtorexam_12.json */; };
		CE0CADDC26B6658E0044D010 /* njrealtorexam_21.json in Resources */ = {isa = PBXBuildFile; fileRef = CE0CADDB26B6658E0044D010 /* njrealtorexam_21.json */; };
		CE0CADDE26B665A20044D010 /* njrealtorexam_32.json in Resources */ = {isa = PBXBuildFile; fileRef = CE0CADDD26B665A20044D010 /* njrealtorexam_32.json */; };
		CE0CADE026B665BF0044D010 /* njrealtorexam_42.json in Resources */ = {isa = PBXBuildFile; fileRef = CE0CADDF26B665BF0044D010 /* njrealtorexam_42.json */; };
		CE0CADE226B666BE0044D010 /* ExamItem.swift in Sources */ = {isa = PBXBuildFile; fileRef = CE0CADE126B666BE0044D010 /* ExamItem.swift */; };
		CE0CADE426B66B290044D010 /* LoadJsonData.swift in Sources */ = {isa = PBXBuildFile; fileRef = CE0CADE326B66B290044D010 /* LoadJsonData.swift */; };
		CE0CADE626B700230044D010 /* njrealtorexam_12a.json in Resources */ = {isa = PBXBuildFile; fileRef = CE0CADE526B700230044D010 /* njrealtorexam_12a.json */; };
		CE6191CA26D2F9B600096C12 /* TaketestManager.swift in Sources */ = {isa = PBXBuildFile; fileRef = CE6191C926D2F9B600096C12 /* TaketestManager.swift */; };
		CE97D7AC26ADE0DA008688E2 /* NJRealtorExamApp.swift in Sources */ = {isa = PBXBuildFile; fileRef = CE97D7AB26ADE0DA008688E2 /* NJRealtorExamApp.swift */; };
		CE97D7AE26ADE0DA008688E2 /* ContentView.swift in Sources */ = {isa = PBXBuildFile; fileRef = CE97D7AD26ADE0DA008688E2 /* ContentView.swift */; };
		CE97D7B026ADE0DD008688E2 /* Assets.xcassets in Resources */ = {isa = PBXBuildFile; fileRef = CE97D7AF26ADE0DD008688E2 /* Assets.xcassets */; };
		CE97D7BE26ADE0DD008688E2 /* NJRealtorExamTests.swift in Sources */ = {isa = PBXBuildFile; fileRef = CE97D7BD26ADE0DD008688E2 /* NJRealtorExamTests.swift */; };
		CE97D7C926ADE0DD008688E2 /* NJRealtorExamUITests.swift in Sources */ = {isa = PBXBuildFile; fileRef = CE97D7C826ADE0DD008688E2 /* NJRealtorExamUITests.swift */; };
		CE97D7D726ADE2F4008688E2 /* SplashView.swift in Sources */ = {isa = PBXBuildFile; fileRef = CE97D7D626ADE2F4008688E2 /* SplashView.swift */; };
		CE97D7D926ADF453008688E2 /* Flashcards.swift in Sources */ = {isa = PBXBuildFile; fileRef = CE97D7D826ADF453008688E2 /* Flashcards.swift */; };
		CE97D7DB26AE0103008688E2 /* Menu.swift in Sources */ = {isa = PBXBuildFile; fileRef = CE97D7DA26AE0103008688E2 /* Menu.swift */; };
		CE97D7DD26AE07D0008688E2 /* AppInstructions.swift in Sources */ = {isa = PBXBuildFile; fileRef = CE97D7DC26AE07D0008688E2 /* AppInstructions.swift */; };
		CE97D7E126AE0BAA008688E2 /* TakeTest.swift in Sources */ = {isa = PBXBuildFile; fileRef = CE97D7E026AE0BAA008688E2 /* TakeTest.swift */; };
		CE97D7E326AE0CDA008688E2 /* Leaderboard.swift in Sources */ = {isa = PBXBuildFile; fileRef = CE97D7E226AE0CDA008688E2 /* Leaderboard.swift */; };
		CE97D7E526AE0D73008688E2 /* Settings.swift in Sources */ = {isa = PBXBuildFile; fileRef = CE97D7E426AE0D73008688E2 /* Settings.swift */; };
		CE97D7E726AE0DE4008688E2 /* DevInfo.swift in Sources */ = {isa = PBXBuildFile; fileRef = CE97D7E626AE0DE4008688E2 /* DevInfo.swift */; };
		CE97D7E926AE0E9C008688E2 /* PassedTest.swift in Sources */ = {isa = PBXBuildFile; fileRef = CE97D7E826AE0E9B008688E2 /* PassedTest.swift */; };
		CE97D7EB26AE0F29008688E2 /* FailedTest.swift in Sources */ = {isa = PBXBuildFile; fileRef = CE97D7EA26AE0F29008688E2 /* FailedTest.swift */; };
		CE97D7ED26AE0F98008688E2 /* CertScreen.swift in Sources */ = {isa = PBXBuildFile; fileRef = CE97D7EC26AE0F98008688E2 /* CertScreen.swift */; };
		CEB4B31426C0B0ED00253176 /* FlashcardManager.swift in Sources */ = {isa = PBXBuildFile; fileRef = CEB4B31326C0B0ED00253176 /* FlashcardManager.swift */; };
/* End PBXBuildFile section */

/* Begin PBXContainerItemProxy section */
		CE97D7BA26ADE0DD008688E2 /* PBXContainerItemProxy */ = {
			isa = PBXContainerItemProxy;
			containerPortal = CE97D7A026ADE0DA008688E2 /* Project object */;
			proxyType = 1;
			remoteGlobalIDString = CE97D7A726ADE0DA008688E2;
			remoteInfo = NJRealtorExam;
		};
		CE97D7C526ADE0DD008688E2 /* PBXContainerItemProxy */ = {
			isa = PBXContainerItemProxy;
			containerPortal = CE97D7A026ADE0DA008688E2 /* Project object */;
			proxyType = 1;
			remoteGlobalIDString = CE97D7A726ADE0DA008688E2;
			remoteInfo = NJRealtorExam;
		};
/* End PBXContainerItemProxy section */

/* Begin PBXFileReference section */
		CE0C0F3428B2987E004D7AA8 /* devinfovideo6.mp4 */ = {isa = PBXFileReference; lastKnownFileType = file; path = devinfovideo6.mp4; sourceTree = "<group>"; };
		CE0C0F3528B298C4004D7AA8 /* flashcardvideo3.mp4 */ = {isa = PBXFileReference; lastKnownFileType = file; path = flashcardvideo3.mp4; sourceTree = "<group>"; };
		CE0C0F3628B298F4004D7AA8 /* lbvideo4.mp4 */ = {isa = PBXFileReference; lastKnownFileType = file; path = lbvideo4.mp4; sourceTree = "<group>"; };
		CE0C0F3728B29909004D7AA8 /* menuvideo2.mp4 */ = {isa = PBXFileReference; lastKnownFileType = file; path = menuvideo2.mp4; sourceTree = "<group>"; };
		CE0C0F3828B29925004D7AA8 /* settingsvideo5.mp4 */ = {isa = PBXFileReference; lastKnownFileType = file; path = settingsvideo5.mp4; sourceTree = "<group>"; };
		CE0C0F3928B29932004D7AA8 /* splashvideo1.mp4 */ = {isa = PBXFileReference; lastKnownFileType = file; path = splashvideo1.mp4; sourceTree = "<group>"; };
		CE0C0F3A28B29959004D7AA8 /* strokefore.mp4 */ = {isa = PBXFileReference; lastKnownFileType = file; path = strokefore.mp4; sourceTree = "<group>"; };
		CE0C0F3C28B29D1A004D7AA8 /* FlashcardsScreen.swift */ = {isa = PBXFileReference; lastKnownFileType = sourcecode.swift; path = FlashcardsScreen.swift; sourceTree = "<group>"; };
		CE0C0F4028B5D930004D7AA8 /* FlashcardVideo.swift */ = {isa = PBXFileReference; lastKnownFileType = sourcecode.swift; path = FlashcardVideo.swift; sourceTree = "<group>"; };
		CE0C0F4928BD85C2004D7AA8 /* TakeTestVideo.swift */ = {isa = PBXFileReference; lastKnownFileType = sourcecode.swift; path = TakeTestVideo.swift; sourceTree = "<group>"; };
		CE0C0F4B28BD8614004D7AA8 /* DevInfoVideo.swift */ = {isa = PBXFileReference; lastKnownFileType = sourcecode.swift; path = DevInfoVideo.swift; sourceTree = "<group>"; };
		CE0C0F4D28BD873A004D7AA8 /* TakeTestScreen.swift */ = {isa = PBXFileReference; lastKnownFileType = sourcecode.swift; path = TakeTestScreen.swift; sourceTree = "<group>"; };
		CE0C0F4F28BD8766004D7AA8 /* DevInfoScreen.swift */ = {isa = PBXFileReference; lastKnownFileType = sourcecode.swift; path = DevInfoScreen.swift; sourceTree = "<group>"; };
		CE0CADD926B6657B0044D010 /* njrealtorexam_12.json */ = {isa = PBXFileReference; fileEncoding = 4; lastKnownFileType = text.json; path = njrealtorexam_12.json; sourceTree = "<group>"; };
		CE0CADDB26B6658E0044D010 /* njrealtorexam_21.json */ = {isa = PBXFileReference; fileEncoding = 4; lastKnownFileType = text.json; path = njrealtorexam_21.json; sourceTree = "<group>"; };
		CE0CADDD26B665A20044D010 /* njrealtorexam_32.json */ = {isa = PBXFileReference; fileEncoding = 4; lastKnownFileType = text.json; path = njrealtorexam_32.json; sourceTree = "<group>"; };
		CE0CADDF26B665BF0044D010 /* njrealtorexam_42.json */ = {isa = PBXFileReference; fileEncoding = 4; lastKnownFileType = text.json; path = njrealtorexam_42.json; sourceTree = "<group>"; };
		CE0CADE126B666BE0044D010 /* ExamItem.swift */ = {isa = PBXFileReference; lastKnownFileType = sourcecode.swift; path = ExamItem.swift; sourceTree = "<group>"; };
		CE0CADE326B66B290044D010 /* LoadJsonData.swift */ = {isa = PBXFileReference; lastKnownFileType = sourcecode.swift; path = LoadJsonData.swift; sourceTree = "<group>"; };
		CE0CADE526B700230044D010 /* njrealtorexam_12a.json */ = {isa = PBXFileReference; fileEncoding = 4; lastKnownFileType = text.json; path = njrealtorexam_12a.json; sourceTree = "<group>"; };
		CE6191C926D2F9B600096C12 /* TaketestManager.swift */ = {isa = PBXFileReference; lastKnownFileType = sourcecode.swift; path = TaketestManager.swift; sourceTree = "<group>"; };
		CE97D7A826ADE0DA008688E2 /* NJRealtorExam.app */ = {isa = PBXFileReference; explicitFileType = wrapper.application; includeInIndex = 0; path = NJRealtorExam.app; sourceTree = BUILT_PRODUCTS_DIR; };
		CE97D7AB26ADE0DA008688E2 /* NJRealtorExamApp.swift */ = {isa = PBXFileReference; lastKnownFileType = sourcecode.swift; path = NJRealtorExamApp.swift; sourceTree = "<group>"; };
		CE97D7AD26ADE0DA008688E2 /* ContentView.swift */ = {isa = PBXFileReference; lastKnownFileType = sourcecode.swift; path = ContentView.swift; sourceTree = "<group>"; };
		CE97D7AF26ADE0DD008688E2 /* Assets.xcassets */ = {isa = PBXFileReference; lastKnownFileType = folder.assetcatalog; path = Assets.xcassets; sourceTree = "<group>"; };
		CE97D7B426ADE0DD008688E2 /* Info.plist */ = {isa = PBXFileReference; lastKnownFileType = text.plist.xml; path = Info.plist; sourceTree = "<group>"; };
		CE97D7B926ADE0DD008688E2 /* NJRealtorExamTests.xctest */ = {isa = PBXFileReference; explicitFileType = wrapper.cfbundle; includeInIndex = 0; path = NJRealtorExamTests.xctest; sourceTree = BUILT_PRODUCTS_DIR; };
		CE97D7BD26ADE0DD008688E2 /* NJRealtorExamTests.swift */ = {isa = PBXFileReference; lastKnownFileType = sourcecode.swift; path = NJRealtorExamTests.swift; sourceTree = "<group>"; };
		CE97D7BF26ADE0DD008688E2 /* Info.plist */ = {isa = PBXFileReference; lastKnownFileType = text.plist.xml; path = Info.plist; sourceTree = "<group>"; };
		CE97D7C426ADE0DD008688E2 /* NJRealtorExamUITests.xctest */ = {isa = PBXFileReference; explicitFileType = wrapper.cfbundle; includeInIndex = 0; path = NJRealtorExamUITests.xctest; sourceTree = BUILT_PRODUCTS_DIR; };
		CE97D7C826ADE0DD008688E2 /* NJRealtorExamUITests.swift */ = {isa = PBXFileReference; lastKnownFileType = sourcecode.swift; path = NJRealtorExamUITests.swift; sourceTree = "<group>"; };
		CE97D7CA26ADE0DD008688E2 /* Info.plist */ = {isa = PBXFileReference; lastKnownFileType = text.plist.xml; path = Info.plist; sourceTree = "<group>"; };
		CE97D7D626ADE2F4008688E2 /* SplashView.swift */ = {isa = PBXFileReference; lastKnownFileType = sourcecode.swift; path = SplashView.swift; sourceTree = "<group>"; };
		CE97D7D826ADF453008688E2 /* Flashcards.swift */ = {isa = PBXFileReference; lastKnownFileType = sourcecode.swift; path = Flashcards.swift; sourceTree = "<group>"; };
		CE97D7DA26AE0103008688E2 /* Menu.swift */ = {isa = PBXFileReference; lastKnownFileType = sourcecode.swift; path = Menu.swift; sourceTree = "<group>"; };
		CE97D7DC26AE07D0008688E2 /* AppInstructions.swift */ = {isa = PBXFileReference; lastKnownFileType = sourcecode.swift; path = AppInstructions.swift; sourceTree = "<group>"; };
		CE97D7E026AE0BAA008688E2 /* TakeTest.swift */ = {isa = PBXFileReference; lastKnownFileType = sourcecode.swift; path = TakeTest.swift; sourceTree = "<group>"; };
		CE97D7E226AE0CDA008688E2 /* Leaderboard.swift */ = {isa = PBXFileReference; lastKnownFileType = sourcecode.swift; path = Leaderboard.swift; sourceTree = "<group>"; };
		CE97D7E426AE0D73008688E2 /* Settings.swift */ = {isa = PBXFileReference; lastKnownFileType = sourcecode.swift; path = Settings.swift; sourceTree = "<group>"; };
		CE97D7E626AE0DE4008688E2 /* DevInfo.swift */ = {isa = PBXFileReference; lastKnownFileType = sourcecode.swift; path = DevInfo.swift; sourceTree = "<group>"; };
		CE97D7E826AE0E9B008688E2 /* PassedTest.swift */ = {isa = PBXFileReference; lastKnownFileType = sourcecode.swift; path = PassedTest.swift; sourceTree = "<group>"; };
		CE97D7EA26AE0F29008688E2 /* FailedTest.swift */ = {isa = PBXFileReference; lastKnownFileType = sourcecode.swift; path = FailedTest.swift; sourceTree = "<group>"; };
		CE97D7EC26AE0F98008688E2 /* CertScreen.swift */ = {isa = PBXFileReference; lastKnownFileType = sourcecode.swift; path = CertScreen.swift; sourceTree = "<group>"; };
		CEB4B31326C0B0ED00253176 /* FlashcardManager.swift */ = {isa = PBXFileReference; lastKnownFileType = sourcecode.swift; path = FlashcardManager.swift; sourceTree = "<group>"; };
/* End PBXFileReference section */

/* Begin PBXFrameworksBuildPhase section */
		CE97D7A526ADE0DA008688E2 /* Frameworks */ = {
			isa = PBXFrameworksBuildPhase;
			buildActionMask = 2147483647;
			files = (
			);
			runOnlyForDeploymentPostprocessing = 0;
		};
		CE97D7B626ADE0DD008688E2 /* Frameworks */ = {
			isa = PBXFrameworksBuildPhase;
			buildActionMask = 2147483647;
			files = (
			);
			runOnlyForDeploymentPostprocessing = 0;
		};
		CE97D7C126ADE0DD008688E2 /* Frameworks */ = {
			isa = PBXFrameworksBuildPhase;
			buildActionMask = 2147483647;
			files = (
			);
			runOnlyForDeploymentPostprocessing = 0;
		};
/* End PBXFrameworksBuildPhase section */

/* Begin PBXGroup section */
		CE97D79F26ADE0DA008688E2 = {
			isa = PBXGroup;
			children = (
				CE97D7AA26ADE0DA008688E2 /* NJRealtorExam */,
				CE97D7BC26ADE0DD008688E2 /* NJRealtorExamTests */,
				CE97D7C726ADE0DD008688E2 /* NJRealtorExamUITests */,
				CE97D7A926ADE0DA008688E2 /* Products */,
			);
			sourceTree = "<group>";
		};
		CE97D7A926ADE0DA008688E2 /* Products */ = {
			isa = PBXGroup;
			children = (
				CE97D7A826ADE0DA008688E2 /* NJRealtorExam.app */,
				CE97D7B926ADE0DD008688E2 /* NJRealtorExamTests.xctest */,
				CE97D7C426ADE0DD008688E2 /* NJRealtorExamUITests.xctest */,
			);
			name = Products;
			sourceTree = "<group>";
		};
		CE97D7AA26ADE0DA008688E2 /* NJRealtorExam */ = {
			isa = PBXGroup;
			children = (
				CE0C0F3A28B29959004D7AA8 /* strokefore.mp4 */,
				CE0C0F3928B29932004D7AA8 /* splashvideo1.mp4 */,
				CE0C0F3828B29925004D7AA8 /* settingsvideo5.mp4 */,
				CE0C0F3728B29909004D7AA8 /* menuvideo2.mp4 */,
				CE0C0F3628B298F4004D7AA8 /* lbvideo4.mp4 */,
				CE0C0F3528B298C4004D7AA8 /* flashcardvideo3.mp4 */,
				CE0C0F3428B2987E004D7AA8 /* devinfovideo6.mp4 */,
				CE0CADD926B6657B0044D010 /* njrealtorexam_12.json */,
				CE0CADE526B700230044D010 /* njrealtorexam_12a.json */,
				CE0CADDB26B6658E0044D010 /* njrealtorexam_21.json */,
				CE0CADDD26B665A20044D010 /* njrealtorexam_32.json */,
				CE0CADDF26B665BF0044D010 /* njrealtorexam_42.json */,
				CE97D7AB26ADE0DA008688E2 /* NJRealtorExamApp.swift */,
				CE97D7AD26ADE0DA008688E2 /* ContentView.swift */,
				CE0C0F4D28BD873A004D7AA8 /* TakeTestScreen.swift */,
				CE0C0F3C28B29D1A004D7AA8 /* FlashcardsScreen.swift */,
				CE0C0F4F28BD8766004D7AA8 /* DevInfoScreen.swift */,
				CE0C0F4028B5D930004D7AA8 /* FlashcardVideo.swift */,
				CE0C0F4928BD85C2004D7AA8 /* TakeTestVideo.swift */,
				CE0C0F4B28BD8614004D7AA8 /* DevInfoVideo.swift */,
				CE97D7AF26ADE0DD008688E2 /* Assets.xcassets */,
				CE97D7B426ADE0DD008688E2 /* Info.plist */,
				CE97D7B126ADE0DD008688E2 /* Preview Content */,
				CE97D7D626ADE2F4008688E2 /* SplashView.swift */,
				CE97D7D826ADF453008688E2 /* Flashcards.swift */,
				CEB4B31326C0B0ED00253176 /* FlashcardManager.swift */,
				CE97D7DA26AE0103008688E2 /* Menu.swift */,
				CE97D7DC26AE07D0008688E2 /* AppInstructions.swift */,
				CE97D7E026AE0BAA008688E2 /* TakeTest.swift */,
				CE97D7E226AE0CDA008688E2 /* Leaderboard.swift */,
				CE97D7E426AE0D73008688E2 /* Settings.swift */,
				CE97D7E626AE0DE4008688E2 /* DevInfo.swift */,
				CE97D7E826AE0E9B008688E2 /* PassedTest.swift */,
				CE97D7EA26AE0F29008688E2 /* FailedTest.swift */,
				CE97D7EC26AE0F98008688E2 /* CertScreen.swift */,
				CE0CADE126B666BE0044D010 /* ExamItem.swift */,
				CE0CADE326B66B290044D010 /* LoadJsonData.swift */,
				CE6191C926D2F9B600096C12 /* TaketestManager.swift */,
			);
			path = NJRealtorExam;
			sourceTree = "<group>";
		};
		CE97D7B126ADE0DD008688E2 /* Preview Content */ = {
			isa = PBXGroup;
			children = (
			);
			path = "Preview Content";
			sourceTree = "<group>";
		};
		CE97D7BC26ADE0DD008688E2 /* NJRealtorExamTests */ = {
			isa = PBXGroup;
			children = (
				CE97D7BD26ADE0DD008688E2 /* NJRealtorExamTests.swift */,
				CE97D7BF26ADE0DD008688E2 /* Info.plist */,
			);
			path = NJRealtorExamTests;
			sourceTree = "<group>";
		};
		CE97D7C726ADE0DD008688E2 /* NJRealtorExamUITests */ = {
			isa = PBXGroup;
			children = (
				CE97D7C826ADE0DD008688E2 /* NJRealtorExamUITests.swift */,
				CE97D7CA26ADE0DD008688E2 /* Info.plist */,
			);
			path = NJRealtorExamUITests;
			sourceTree = "<group>";
		};
/* End PBXGroup section */

/* Begin PBXNativeTarget section */
		CE97D7A726ADE0DA008688E2 /* NJRealtorExam */ = {
			isa = PBXNativeTarget;
			buildConfigurationList = CE97D7CD26ADE0DD008688E2 /* Build configuration list for PBXNativeTarget "NJRealtorExam" */;
			buildPhases = (
				CE97D7A426ADE0DA008688E2 /* Sources */,
				CE97D7A526ADE0DA008688E2 /* Frameworks */,
				CE97D7A626ADE0DA008688E2 /* Resources */,
			);
			buildRules = (
			);
			dependencies = (
			);
			name = NJRealtorExam;
			productName = NJRealtorExam;
			productReference = CE97D7A826ADE0DA008688E2 /* NJRealtorExam.app */;
			productType = "com.apple.product-type.application";
		};
		CE97D7B826ADE0DD008688E2 /* NJRealtorExamTests */ = {
			isa = PBXNativeTarget;
			buildConfigurationList = CE97D7D026ADE0DD008688E2 /* Build configuration list for PBXNativeTarget "NJRealtorExamTests" */;
			buildPhases = (
				CE97D7B526ADE0DD008688E2 /* Sources */,
				CE97D7B626ADE0DD008688E2 /* Frameworks */,
				CE97D7B726ADE0DD008688E2 /* Resources */,
			);
			buildRules = (
			);
			dependencies = (
				CE97D7BB26ADE0DD008688E2 /* PBXTargetDependency */,
			);
			name = NJRealtorExamTests;
			productName = NJRealtorExamTests;
			productReference = CE97D7B926ADE0DD008688E2 /* NJRealtorExamTests.xctest */;
			productType = "com.apple.product-type.bundle.unit-test";
		};
		CE97D7C326ADE0DD008688E2 /* NJRealtorExamUITests */ = {
			isa = PBXNativeTarget;
			buildConfigurationList = CE97D7D326ADE0DD008688E2 /* Build configuration list for PBXNativeTarget "NJRealtorExamUITests" */;
			buildPhases = (
				CE97D7C026ADE0DD008688E2 /* Sources */,
				CE97D7C126ADE0DD008688E2 /* Frameworks */,
				CE97D7C226ADE0DD008688E2 /* Resources */,
			);
			buildRules = (
			);
			dependencies = (
				CE97D7C626ADE0DD008688E2 /* PBXTargetDependency */,
			);
			name = NJRealtorExamUITests;
			productName = NJRealtorExamUITests;
			productReference = CE97D7C426ADE0DD008688E2 /* NJRealtorExamUITests.xctest */;
			productType = "com.apple.product-type.bundle.ui-testing";
		};
/* End PBXNativeTarget section */

/* Begin PBXProject section */
		CE97D7A026ADE0DA008688E2 /* Project object */ = {
			isa = PBXProject;
			attributes = {
				LastSwiftUpdateCheck = 1250;
				LastUpgradeCheck = 1250;
				TargetAttributes = {
					CE97D7A726ADE0DA008688E2 = {
						CreatedOnToolsVersion = 12.5;
					};
					CE97D7B826ADE0DD008688E2 = {
						CreatedOnToolsVersion = 12.5;
						TestTargetID = CE97D7A726ADE0DA008688E2;
					};
					CE97D7C326ADE0DD008688E2 = {
						CreatedOnToolsVersion = 12.5;
						TestTargetID = CE97D7A726ADE0DA008688E2;
					};
				};
			};
			buildConfigurationList = CE97D7A326ADE0DA008688E2 /* Build configuration list for PBXProject "NJRealtorExam" */;
			compatibilityVersion = "Xcode 9.3";
			developmentRegion = en;
			hasScannedForEncodings = 0;
			knownRegions = (
				en,
				Base,
			);
			mainGroup = CE97D79F26ADE0DA008688E2;
			productRefGroup = CE97D7A926ADE0DA008688E2 /* Products */;
			projectDirPath = "";
			projectRoot = "";
			targets = (
				CE97D7A726ADE0DA008688E2 /* NJRealtorExam */,
				CE97D7B826ADE0DD008688E2 /* NJRealtorExamTests */,
				CE97D7C326ADE0DD008688E2 /* NJRealtorExamUITests */,
			);
		};
/* End PBXProject section */

/* Begin PBXResourcesBuildPhase section */
		CE97D7A626ADE0DA008688E2 /* Resources */ = {
			isa = PBXResourcesBuildPhase;
			buildActionMask = 2147483647;
			files = (
				CE0C0F4828BC53D1004D7AA8 /* devinfovideo6.mp4 in Resources */,
				CE0C0F4728BC53C5004D7AA8 /* flashcardvideo3.mp4 in Resources */,
				CE0C0F4628BC53B6004D7AA8 /* lbvideo4.mp4 in Resources */,
				CE0C0F4528BC5392004D7AA8 /* settingsvideo5.mp4 in Resources */,
				CE0C0F4428BC5382004D7AA8 /* splashvideo1.mp4 in Resources */,
				CE0C0F4328BB1D46004D7AA8 /* menuvideo2.mp4 in Resources */,
				CE0C0F4228BB1B3D004D7AA8 /* strokefore.mp4 in Resources */,
				CE0CADDA26B6657B0044D010 /* njrealtorexam_12.json in Resources */,
				CE0CADE026B665BF0044D010 /* njrealtorexam_42.json in Resources */,
				CE0CADDE26B665A20044D010 /* njrealtorexam_32.json in Resources */,
				CE0CADE626B700230044D010 /* njrealtorexam_12a.json in Resources */,
				CE97D7B026ADE0DD008688E2 /* Assets.xcassets in Resources */,
				CE0CADDC26B6658E0044D010 /* njrealtorexam_21.json in Resources */,
			);
			runOnlyForDeploymentPostprocessing = 0;
		};
		CE97D7B726ADE0DD008688E2 /* Resources */ = {
			isa = PBXResourcesBuildPhase;
			buildActionMask = 2147483647;
			files = (
			);
			runOnlyForDeploymentPostprocessing = 0;
		};
		CE97D7C226ADE0DD008688E2 /* Resources */ = {
			isa = PBXResourcesBuildPhase;
			buildActionMask = 2147483647;
			files = (
			);
			runOnlyForDeploymentPostprocessing = 0;
		};
/* End PBXResourcesBuildPhase section */

/* Begin PBXSourcesBuildPhase section */
		CE97D7A426ADE0DA008688E2 /* Sources */ = {
			isa = PBXSourcesBuildPhase;
			buildActionMask = 2147483647;
			files = (
				CE97D7AE26ADE0DA008688E2 /* ContentView.swift in Sources */,
				CE97D7E326AE0CDA008688E2 /* Leaderboard.swift in Sources */,
				CE0C0F3D28B29D1A004D7AA8 /* FlashcardsScreen.swift in Sources */,
				CE97D7E126AE0BAA008688E2 /* TakeTest.swift in Sources */,
				CE0C0F4E28BD873A004D7AA8 /* TakeTestScreen.swift in Sources */,
				CE97D7AC26ADE0DA008688E2 /* NJRealtorExamApp.swift in Sources */,
				CEB4B31426C0B0ED00253176 /* FlashcardManager.swift in Sources */,
				CE97D7ED26AE0F98008688E2 /* CertScreen.swift in Sources */,
				CE97D7DD26AE07D0008688E2 /* AppInstructions.swift in Sources */,
				CE0C0F4C28BD8614004D7AA8 /* DevInfoVideo.swift in Sources */,
				CE97D7D926ADF453008688E2 /* Flashcards.swift in Sources */,
				CE6191CA26D2F9B600096C12 /* TaketestManager.swift in Sources */,
				CE97D7E526AE0D73008688E2 /* Settings.swift in Sources */,
				CE97D7E926AE0E9C008688E2 /* PassedTest.swift in Sources */,
				CE0C0F4128B5D930004D7AA8 /* FlashcardVideo.swift in Sources */,
				CE97D7EB26AE0F29008688E2 /* FailedTest.swift in Sources */,
				CE0CADE226B666BE0044D010 /* ExamItem.swift in Sources */,
				CE97D7E726AE0DE4008688E2 /* DevInfo.swift in Sources */,
				CE0C0F5028BD8766004D7AA8 /* DevInfoScreen.swift in Sources */,
				CE0CADE426B66B290044D010 /* LoadJsonData.swift in Sources */,
				CE97D7D726ADE2F4008688E2 /* SplashView.swift in Sources */,
				CE0C0F4A28BD85C2004D7AA8 /* TakeTestVideo.swift in Sources */,
				CE97D7DB26AE0103008688E2 /* Menu.swift in Sources */,
			);
			runOnlyForDeploymentPostprocessing = 0;
		};
		CE97D7B526ADE0DD008688E2 /* Sources */ = {
			isa = PBXSourcesBuildPhase;
			buildActionMask = 2147483647;
			files = (
				CE97D7BE26ADE0DD008688E2 /* NJRealtorExamTests.swift in Sources */,
			);
			runOnlyForDeploymentPostprocessing = 0;
		};
		CE97D7C026ADE0DD008688E2 /* Sources */ = {
			isa = PBXSourcesBuildPhase;
			buildActionMask = 2147483647;
			files = (
				CE97D7C926ADE0DD008688E2 /* NJRealtorExamUITests.swift in Sources */,
			);
			runOnlyForDeploymentPostprocessing = 0;
		};
/* End PBXSourcesBuildPhase section */

/* Begin PBXTargetDependency section */
		CE97D7BB26ADE0DD008688E2 /* PBXTargetDependency */ = {
			isa = PBXTargetDependency;
			target = CE97D7A726ADE0DA008688E2 /* NJRealtorExam */;
			targetProxy = CE97D7BA26ADE0DD008688E2 /* PBXContainerItemProxy */;
		};
		CE97D7C626ADE0DD008688E2 /* PBXTargetDependency */ = {
			isa = PBXTargetDependency;
			target = CE97D7A726ADE0DA008688E2 /* NJRealtorExam */;
			targetProxy = CE97D7C526ADE0DD008688E2 /* PBXContainerItemProxy */;
		};
/* End PBXTargetDependency section */

/* Begin XCBuildConfiguration section */
		CE97D7CB26ADE0DD008688E2 /* Debug */ = {
			isa = XCBuildConfiguration;
			buildSettings = {
				ALWAYS_SEARCH_USER_PATHS = NO;
				CLANG_ANALYZER_NONNULL = YES;
				CLANG_ANALYZER_NUMBER_OBJECT_CONVERSION = YES_AGGRESSIVE;
				CLANG_CXX_LANGUAGE_STANDARD = "gnu++14";
				CLANG_CXX_LIBRARY = "libc++";
				CLANG_ENABLE_MODULES = YES;
				CLANG_ENABLE_OBJC_ARC = YES;
				CLANG_ENABLE_OBJC_WEAK = YES;
				CLANG_WARN_BLOCK_CAPTURE_AUTORELEASING = YES;
				CLANG_WARN_BOOL_CONVERSION = YES;
				CLANG_WARN_COMMA = YES;
				CLANG_WARN_CONSTANT_CONVERSION = YES;
				CLANG_WARN_DEPRECATED_OBJC_IMPLEMENTATIONS = YES;
				CLANG_WARN_DIRECT_OBJC_ISA_USAGE = YES_ERROR;
				CLANG_WARN_DOCUMENTATION_COMMENTS = YES;
				CLANG_WARN_EMPTY_BODY = YES;
				CLANG_WARN_ENUM_CONVERSION = YES;
				CLANG_WARN_INFINITE_RECURSION = YES;
				CLANG_WARN_INT_CONVERSION = YES;
				CLANG_WARN_NON_LITERAL_NULL_CONVERSION = YES;
				CLANG_WARN_OBJC_IMPLICIT_RETAIN_SELF = YES;
				CLANG_WARN_OBJC_LITERAL_CONVERSION = YES;
				CLANG_WARN_OBJC_ROOT_CLASS = YES_ERROR;
				CLANG_WARN_QUOTED_INCLUDE_IN_FRAMEWORK_HEADER = YES;
				CLANG_WARN_RANGE_LOOP_ANALYSIS = YES;
				CLANG_WARN_STRICT_PROTOTYPES = YES;
				CLANG_WARN_SUSPICIOUS_MOVE = YES;
				CLANG_WARN_UNGUARDED_AVAILABILITY = YES_AGGRESSIVE;
				CLANG_WARN_UNREACHABLE_CODE = YES;
				CLANG_WARN__DUPLICATE_METHOD_MATCH = YES;
				COPY_PHASE_STRIP = NO;
				DEBUG_INFORMATION_FORMAT = dwarf;
				ENABLE_STRICT_OBJC_MSGSEND = YES;
				ENABLE_TESTABILITY = YES;
				GCC_C_LANGUAGE_STANDARD = gnu11;
				GCC_DYNAMIC_NO_PIC = NO;
				GCC_NO_COMMON_BLOCKS = YES;
				GCC_OPTIMIZATION_LEVEL = 0;
				GCC_PREPROCESSOR_DEFINITIONS = (
					"DEBUG=1",
					"$(inherited)",
				);
				GCC_WARN_64_TO_32_BIT_CONVERSION = YES;
				GCC_WARN_ABOUT_RETURN_TYPE = YES_ERROR;
				GCC_WARN_UNDECLARED_SELECTOR = YES;
				GCC_WARN_UNINITIALIZED_AUTOS = YES_AGGRESSIVE;
				GCC_WARN_UNUSED_FUNCTION = YES;
				GCC_WARN_UNUSED_VARIABLE = YES;
				IPHONEOS_DEPLOYMENT_TARGET = 14.5;
				MTL_ENABLE_DEBUG_INFO = INCLUDE_SOURCE;
				MTL_FAST_MATH = YES;
				ONLY_ACTIVE_ARCH = YES;
				SDKROOT = iphoneos;
				SWIFT_ACTIVE_COMPILATION_CONDITIONS = DEBUG;
				SWIFT_OPTIMIZATION_LEVEL = "-Onone";
			};
			name = Debug;
		};
		CE97D7CC26ADE0DD008688E2 /* Release */ = {
			isa = XCBuildConfiguration;
			buildSettings = {
				ALWAYS_SEARCH_USER_PATHS = NO;
				CLANG_ANALYZER_NONNULL = YES;
				CLANG_ANALYZER_NUMBER_OBJECT_CONVERSION = YES_AGGRESSIVE;
				CLANG_CXX_LANGUAGE_STANDARD = "gnu++14";
				CLANG_CXX_LIBRARY = "libc++";
				CLANG_ENABLE_MODULES = YES;
				CLANG_ENABLE_OBJC_ARC = YES;
				CLANG_ENABLE_OBJC_WEAK = YES;
				CLANG_WARN_BLOCK_CAPTURE_AUTORELEASING = YES;
				CLANG_WARN_BOOL_CONVERSION = YES;
				CLANG_WARN_COMMA = YES;
				CLANG_WARN_CONSTANT_CONVERSION = YES;
				CLANG_WARN_DEPRECATED_OBJC_IMPLEMENTATIONS = YES;
				CLANG_WARN_DIRECT_OBJC_ISA_USAGE = YES_ERROR;
				CLANG_WARN_DOCUMENTATION_COMMENTS = YES;
				CLANG_WARN_EMPTY_BODY = YES;
				CLANG_WARN_ENUM_CONVERSION = YES;
				CLANG_WARN_INFINITE_RECURSION = YES;
				CLANG_WARN_INT_CONVERSION = YES;
				CLANG_WARN_NON_LITERAL_NULL_CONVERSION = YES;
				CLANG_WARN_OBJC_IMPLICIT_RETAIN_SELF = YES;
				CLANG_WARN_OBJC_LITERAL_CONVERSION = YES;
				CLANG_WARN_OBJC_ROOT_CLASS = YES_ERROR;
				CLANG_WARN_QUOTED_INCLUDE_IN_FRAMEWORK_HEADER = YES;
				CLANG_WARN_RANGE_LOOP_ANALYSIS = YES;
				CLANG_WARN_STRICT_PROTOTYPES = YES;
				CLANG_WARN_SUSPICIOUS_MOVE = YES;
				CLANG_WARN_UNGUARDED_AVAILABILITY = YES_AGGRESSIVE;
				CLANG_WARN_UNREACHABLE_CODE = YES;
				CLANG_WARN__DUPLICATE_METHOD_MATCH = YES;
				COPY_PHASE_STRIP = NO;
				DEBUG_INFORMATION_FORMAT = "dwarf-with-dsym";
				ENABLE_NS_ASSERTIONS = NO;
				ENABLE_STRICT_OBJC_MSGSEND = YES;
				GCC_C_LANGUAGE_STANDARD = gnu11;
				GCC_NO_COMMON_BLOCKS = YES;
				GCC_WARN_64_TO_32_BIT_CONVERSION = YES;
				GCC_WARN_ABOUT_RETURN_TYPE = YES_ERROR;
				GCC_WARN_UNDECLARED_SELECTOR = YES;
				GCC_WARN_UNINITIALIZED_AUTOS = YES_AGGRESSIVE;
				GCC_WARN_UNUSED_FUNCTION = YES;
				GCC_WARN_UNUSED_VARIABLE = YES;
				IPHONEOS_DEPLOYMENT_TARGET = 14.5;
				MTL_ENABLE_DEBUG_INFO = NO;
				MTL_FAST_MATH = YES;
				SDKROOT = iphoneos;
				SWIFT_COMPILATION_MODE = wholemodule;
				SWIFT_OPTIMIZATION_LEVEL = "-O";
				VALIDATE_PRODUCT = YES;
			};
			name = Release;
		};
		CE97D7CE26ADE0DD008688E2 /* Debug */ = {
			isa = XCBuildConfiguration;
			buildSettings = {
				ASSETCATALOG_COMPILER_APPICON_NAME = AppIcon;
				ASSETCATALOG_COMPILER_GLOBAL_ACCENT_COLOR_NAME = AccentColor;
				CODE_SIGN_STYLE = Automatic;
				DEVELOPMENT_ASSET_PATHS = "\"NJRealtorExam/Preview Content\"";
				DEVELOPMENT_TEAM = Z36CQZC9H9;
				ENABLE_PREVIEWS = YES;
				INFOPLIST_FILE = NJRealtorExam/Info.plist;
				IPHONEOS_DEPLOYMENT_TARGET = 14.0;
				LD_RUNPATH_SEARCH_PATHS = (
					"$(inherited)",
					"@executable_path/Frameworks",
				);
				PRODUCT_BUNDLE_IDENTIFIER = com.nashingram.NJRealtorExam;
				PRODUCT_NAME = "$(TARGET_NAME)";
				SWIFT_VERSION = 5.0;
				TARGETED_DEVICE_FAMILY = "1,2";
			};
			name = Debug;
		};
		CE97D7CF26ADE0DD008688E2 /* Release */ = {
			isa = XCBuildConfiguration;
			buildSettings = {
				ASSETCATALOG_COMPILER_APPICON_NAME = AppIcon;
				ASSETCATALOG_COMPILER_GLOBAL_ACCENT_COLOR_NAME = AccentColor;
				CODE_SIGN_STYLE = Automatic;
				DEVELOPMENT_ASSET_PATHS = "\"NJRealtorExam/Preview Content\"";
				DEVELOPMENT_TEAM = Z36CQZC9H9;
				ENABLE_PREVIEWS = YES;
				INFOPLIST_FILE = NJRealtorExam/Info.plist;
				IPHONEOS_DEPLOYMENT_TARGET = 14.0;
				LD_RUNPATH_SEARCH_PATHS = (
					"$(inherited)",
					"@executable_path/Frameworks",
				);
				PRODUCT_BUNDLE_IDENTIFIER = com.nashingram.NJRealtorExam;
				PRODUCT_NAME = "$(TARGET_NAME)";
				SWIFT_VERSION = 5.0;
				TARGETED_DEVICE_FAMILY = "1,2";
			};
			name = Release;
		};
		CE97D7D126ADE0DD008688E2 /* Debug */ = {
			isa = XCBuildConfiguration;
			buildSettings = {
				ALWAYS_EMBED_SWIFT_STANDARD_LIBRARIES = YES;
				BUNDLE_LOADER = "$(TEST_HOST)";
				CODE_SIGN_STYLE = Automatic;
				DEVELOPMENT_TEAM = SGSJT2HFKG;
				INFOPLIST_FILE = NJRealtorExamTests/Info.plist;
				IPHONEOS_DEPLOYMENT_TARGET = 14.0;
				LD_RUNPATH_SEARCH_PATHS = (
					"$(inherited)",
					"@executable_path/Frameworks",
					"@loader_path/Frameworks",
				);
				PRODUCT_BUNDLE_IDENTIFIER = com.nashingram.NJRealtorExamTests;
				PRODUCT_NAME = "$(TARGET_NAME)";
				SWIFT_VERSION = 5.0;
				TARGETED_DEVICE_FAMILY = "1,2";
				TEST_HOST = "$(BUILT_PRODUCTS_DIR)/NJRealtorExam.app/NJRealtorExam";
			};
			name = Debug;
		};
		CE97D7D226ADE0DD008688E2 /* Release */ = {
			isa = XCBuildConfiguration;
			buildSettings = {
				ALWAYS_EMBED_SWIFT_STANDARD_LIBRARIES = YES;
				BUNDLE_LOADER = "$(TEST_HOST)";
				CODE_SIGN_STYLE = Automatic;
				DEVELOPMENT_TEAM = SGSJT2HFKG;
				INFOPLIST_FILE = NJRealtorExamTests/Info.plist;
				IPHONEOS_DEPLOYMENT_TARGET = 14.0;
				LD_RUNPATH_SEARCH_PATHS = (
					"$(inherited)",
					"@executable_path/Frameworks",
					"@loader_path/Frameworks",
				);
				PRODUCT_BUNDLE_IDENTIFIER = com.nashingram.NJRealtorExamTests;
				PRODUCT_NAME = "$(TARGET_NAME)";
				SWIFT_VERSION = 5.0;
				TARGETED_DEVICE_FAMILY = "1,2";
				TEST_HOST = "$(BUILT_PRODUCTS_DIR)/NJRealtorExam.app/NJRealtorExam";
			};
			name = Release;
		};
		CE97D7D426ADE0DD008688E2 /* Debug */ = {
			isa = XCBuildConfiguration;
			buildSettings = {
				ALWAYS_EMBED_SWIFT_STANDARD_LIBRARIES = YES;
				CODE_SIGN_STYLE = Automatic;
				DEVELOPMENT_TEAM = SGSJT2HFKG;
				INFOPLIST_FILE = NJRealtorExamUITests/Info.plist;
				LD_RUNPATH_SEARCH_PATHS = (
					"$(inherited)",
					"@executable_path/Frameworks",
					"@loader_path/Frameworks",
				);
				PRODUCT_BUNDLE_IDENTIFIER = com.nashingram.NJRealtorExamUITests;
				PRODUCT_NAME = "$(TARGET_NAME)";
				SWIFT_VERSION = 5.0;
				TARGETED_DEVICE_FAMILY = "1,2";
				TEST_TARGET_NAME = NJRealtorExam;
			};
			name = Debug;
		};
		CE97D7D526ADE0DD008688E2 /* Release */ = {
			isa = XCBuildConfiguration;
			buildSettings = {
				ALWAYS_EMBED_SWIFT_STANDARD_LIBRARIES = YES;
				CODE_SIGN_STYLE = Automatic;
				DEVELOPMENT_TEAM = SGSJT2HFKG;
				INFOPLIST_FILE = NJRealtorExamUITests/Info.plist;
				LD_RUNPATH_SEARCH_PATHS = (
					"$(inherited)",
					"@executable_path/Frameworks",
					"@loader_path/Frameworks",
				);
				PRODUCT_BUNDLE_IDENTIFIER = com.nashingram.NJRealtorExamUITests;
				PRODUCT_NAME = "$(TARGET_NAME)";
				SWIFT_VERSION = 5.0;
				TARGETED_DEVICE_FAMILY = "1,2";
				TEST_TARGET_NAME = NJRealtorExam;
			};
			name = Release;
		};
/* End XCBuildConfiguration section */

/* Begin XCConfigurationList section */
		CE97D7A326ADE0DA008688E2 /* Build configuration list for PBXProject "NJRealtorExam" */ = {
			isa = XCConfigurationList;
			buildConfigurations = (
				CE97D7CB26ADE0DD008688E2 /* Debug */,
				CE97D7CC26ADE0DD008688E2 /* Release */,
			);
			defaultConfigurationIsVisible = 0;
			defaultConfigurationName = Release;
		};
		CE97D7CD26ADE0DD008688E2 /* Build configuration list for PBXNativeTarget "NJRealtorExam" */ = {
			isa = XCConfigurationList;
			buildConfigurations = (
				CE97D7CE26ADE0DD008688E2 /* Debug */,
				CE97D7CF26ADE0DD008688E2 /* Release */,
			);
			defaultConfigurationIsVisible = 0;
			defaultConfigurationName = Release;
		};
		CE97D7D026ADE0DD008688E2 /* Build configuration list for PBXNativeTarget "NJRealtorExamTests" */ = {
			isa = XCConfigurationList;
			buildConfigurations = (
				CE97D7D126ADE0DD008688E2 /* Debug */,
				CE97D7D226ADE0DD008688E2 /* Release */,
			);
			defaultConfigurationIsVisible = 0;
			defaultConfigurationName = Release;
		};
		CE97D7D326ADE0DD008688E2 /* Build configuration list for PBXNativeTarget "NJRealtorExamUITests" */ = {
			isa = XCConfigurationList;
			buildConfigurations = (
				CE97D7D426ADE0DD008688E2 /* Debug */,
				CE97D7D526ADE0DD008688E2 /* Release */,
			);
			defaultConfigurationIsVisible = 0;
			defaultConfigurationName = Release;
		};
/* End XCConfigurationList section */
	};
	rootObject = CE97D7A026ADE0DA008688E2 /* Project object */;
}
